
Microsoft Visual Studio Solution File, Format Version 12.00
# Visual Studio 15
VisualStudioVersion = 15.0.26124.0
MinimumVisualStudioVersion = 15.0.26124.0
Project("{FAE04EC0-301F-11D3-BF4B-00C04F79EFBC}") = "Domain", "Domain\Domain.csproj", "{DD71E15A-BB18-48A0-9B3C-F4A5CBEB818E}"
EndProject
Project("{FAE04EC0-301F-11D3-BF4B-00C04F79EFBC}") = "Application", "Application\Application.csproj", "{1E5A684C-0D27-4754-B05B-CC60D5827E93}"
EndProject
Project("{FAE04EC0-301F-11D3-BF4B-00C04F79EFBC}") = "Persistence", "Persistence\Persistence.csproj", "{47BD8DD0-8F55-4CB0-88B6-F2DFA002C7C5}"
EndProject
Project("{FAE04EC0-301F-11D3-BF4B-00C04F79EFBC}") = "API", "API\API.csproj", "{918469D3-1610-47CA-AA88-27A2E74AD27A}"
EndProject
Global
	GlobalSection(SolutionConfigurationPlatforms) = preSolution
		Debug|Any CPU = Debug|Any CPU
		Debug|x64 = Debug|x64
		Debug|x86 = Debug|x86
		Release|Any CPU = Release|Any CPU
		Release|x64 = Release|x64
		Release|x86 = Release|x86
	EndGlobalSection
	GlobalSection(SolutionProperties) = preSolution
		HideSolutionNode = FALSE
	EndGlobalSection
	GlobalSection(ProjectConfigurationPlatforms) = postSolution
		{DD71E15A-BB18-48A0-9B3C-F4A5CBEB818E}.Debug|Any CPU.ActiveCfg = Debug|Any CPU
		{DD71E15A-BB18-48A0-9B3C-F4A5CBEB818E}.Debug|Any CPU.Build.0 = Debug|Any CPU
		{DD71E15A-BB18-48A0-9B3C-F4A5CBEB818E}.Debug|x64.ActiveCfg = Debug|Any CPU
		{DD71E15A-BB18-48A0-9B3C-F4A5CBEB818E}.Debug|x64.Build.0 = Debug|Any CPU
		{DD71E15A-BB18-48A0-9B3C-F4A5CBEB818E}.Debug|x86.ActiveCfg = Debug|Any CPU
		{DD71E15A-BB18-48A0-9B3C-F4A5CBEB818E}.Debug|x86.Build.0 = Debug|Any CPU
		{DD71E15A-BB18-48A0-9B3C-F4A5CBEB818E}.Release|Any CPU.ActiveCfg = Release|Any CPU
		{DD71E15A-BB18-48A0-9B3C-F4A5CBEB818E}.Release|Any CPU.Build.0 = Release|Any CPU
		{DD71E15A-BB18-48A0-9B3C-F4A5CBEB818E}.Release|x64.ActiveCfg = Release|Any CPU
		{DD71E15A-BB18-48A0-9B3C-F4A5CBEB818E}.Release|x64.Build.0 = Release|Any CPU
		{DD71E15A-BB18-48A0-9B3C-F4A5CBEB818E}.Release|x86.ActiveCfg = Release|Any CPU
		{DD71E15A-BB18-48A0-9B3C-F4A5CBEB818E}.Release|x86.Build.0 = Release|Any CPU
		{1E5A684C-0D27-4754-B05B-CC60D5827E93}.Debug|Any CPU.ActiveCfg = Debug|Any CPU
		{1E5A684C-0D27-4754-B05B-CC60D5827E93}.Debug|Any CPU.Build.0 = Debug|Any CPU
		{1E5A684C-0D27-4754-B05B-CC60D5827E93}.Debug|x64.ActiveCfg = Debug|Any CPU
		{1E5A684C-0D27-4754-B05B-CC60D5827E93}.Debug|x64.Build.0 = Debug|Any CPU
		{1E5A684C-0D27-4754-B05B-CC60D5827E93}.Debug|x86.ActiveCfg = Debug|Any CPU
		{1E5A684C-0D27-4754-B05B-CC60D5827E93}.Debug|x86.Build.0 = Debug|Any CPU
		{1E5A684C-0D27-4754-B05B-CC60D5827E93}.Release|Any CPU.ActiveCfg = Release|Any CPU
		{1E5A684C-0D27-4754-B05B-CC60D5827E93}.Release|Any CPU.Build.0 = Release|Any CPU
		{1E5A684C-0D27-4754-B05B-CC60D5827E93}.Release|x64.ActiveCfg = Release|Any CPU
		{1E5A684C-0D27-4754-B05B-CC60D5827E93}.Release|x64.Build.0 = Release|Any CPU
		{1E5A684C-0D27-4754-B05B-CC60D5827E93}.Release|x86.ActiveCfg = Release|Any CPU
		{1E5A684C-0D27-4754-B05B-CC60D5827E93}.Release|x86.Build.0 = Release|Any CPU
		{47BD8DD0-8F55-4CB0-88B6-F2DFA002C7C5}.Debug|Any CPU.ActiveCfg = Debug|Any CPU
		{47BD8DD0-8F55-4CB0-88B6-F2DFA002C7C5}.Debug|Any CPU.Build.0 = Debug|Any CPU
		{47BD8DD0-8F55-4CB0-88B6-F2DFA002C7C5}.Debug|x64.ActiveCfg = Debug|Any CPU
		{47BD8DD0-8F55-4CB0-88B6-F2DFA002C7C5}.Debug|x64.Build.0 = Debug|Any CPU
		{47BD8DD0-8F55-4CB0-88B6-F2DFA002C7C5}.Debug|x86.ActiveCfg = Debug|Any CPU
		{47BD8DD0-8F55-4CB0-88B6-F2DFA002C7C5}.Debug|x86.Build.0 = Debug|Any CPU
		{47BD8DD0-8F55-4CB0-88B6-F2DFA002C7C5}.Release|Any CPU.ActiveCfg = Release|Any CPU
		{47BD8DD0-8F55-4CB0-88B6-F2DFA002C7C5}.Release|Any CPU.Build.0 = Release|Any CPU
		{47BD8DD0-8F55-4CB0-88B6-F2DFA002C7C5}.Release|x64.ActiveCfg = Release|Any CPU
		{47BD8DD0-8F55-4CB0-88B6-F2DFA002C7C5}.Release|x64.Build.0 = Release|Any CPU
		{47BD8DD0-8F55-4CB0-88B6-F2DFA002C7C5}.Release|x86.ActiveCfg = Release|Any CPU
		{47BD8DD0-8F55-4CB0-88B6-F2DFA002C7C5}.Release|x86.Build.0 = Release|Any CPU
		{918469D3-1610-47CA-AA88-27A2E74AD27A}.Debug|Any CPU.ActiveCfg = Debug|Any CPU
		{918469D3-1610-47CA-AA88-27A2E74AD27A}.Debug|Any CPU.Build.0 = Debug|Any CPU
		{918469D3-1610-47CA-AA88-27A2E74AD27A}.Debug|x64.ActiveCfg = Debug|Any CPU
		{918469D3-1610-47CA-AA88-27A2E74AD27A}.Debug|x64.Build.0 = Debug|Any CPU
		{918469D3-1610-47CA-AA88-27A2E74AD27A}.Debug|x86.ActiveCfg = Debug|Any CPU
		{918469D3-1610-47CA-AA88-27A2E74AD27A}.Debug|x86.Build.0 = Debug|Any CPU
		{918469D3-1610-47CA-AA88-27A2E74AD27A}.Release|Any CPU.ActiveCfg = Release|Any CPU
		{918469D3-1610-47CA-AA88-27A2E74AD27A}.Release|Any CPU.Build.0 = Release|Any CPU
		{918469D3-1610-47CA-AA88-27A2E74AD27A}.Release|x64.ActiveCfg = Release|Any CPU
		{918469D3-1610-47CA-AA88-27A2E74AD27A}.Release|x64.Build.0 = Release|Any CPU
		{918469D3-1610-47CA-AA88-27A2E74AD27A}.Release|x86.ActiveCfg = Release|Any CPU
		{918469D3-1610-47CA-AA88-27A2E74AD27A}.Release|x86.Build.0 = Release|Any CPU
	EndGlobalSection
EndGlobal
